<?xml version="1.0" encoding="utf-8"?>
<Project ToolsVersion="4.0" xmlns="http://schemas.microsoft.com/developer/msbuild/2003">
  <ItemGroup>
    <Filter Include="Source Files">
      <UniqueIdentifier>{4FC737F1-C7A5-4376-A066-2A32D752A2FF}</UniqueIdentifier>
      <Extensions>cpp;c;cc;cxx;c++;def;odl;idl;hpj;bat;asm;asmx</Extensions>
    </Filter>
    <Filter Include="Header Files">
      <UniqueIdentifier>{93995380-89BD-4b04-88EB-625FBE52EBFB}</UniqueIdentifier>
      <Extensions>h;hh;hpp;hxx;h++;hm;inl;inc;ipp;xsd</Extensions>
    </Filter>
    <Filter Include="Resource Files">
      <UniqueIdentifier>{67DA6AB6-F800-4c08-8B7A-83BB121AAD01}</UniqueIdentifier>
      <Extensions>rc;ico;cur;bmp;dlg;rc2;rct;bin;rgs;gif;jpg;jpeg;jpe;resx;tiff;tif;png;wav;mfcribbon-ms</Extensions>
    </Filter>
    <Filter Include="Header Files\LiveScan3D">
      <UniqueIdentifier>{53ab6c5e-359e-48d9-9e5e-a34e9ebb31b1}</UniqueIdentifier>
    </Filter>
    <Filter Include="Source Files\LiveScan3D">
      <UniqueIdentifier>{36280dbd-a374-4a86-bf6e-18f747c66132}</UniqueIdentifier>
    </Filter>
    <Filter Include="Header Files\Calibrators">
      <UniqueIdentifier>{40a4d8d2-de97-48d2-adb2-ee62bb8a2b0a}</UniqueIdentifier>
    </Filter>
    <Filter Include="Header Files\Targets">
      <UniqueIdentifier>{5da0b8ad-8fa1-4a58-a9b9-17a2562cbb43}</UniqueIdentifier>
    </Filter>
    <Filter Include="Source Files\Calibrators">
      <UniqueIdentifier>{089aa700-19a8-4b29-8b30-c2585ed4b594}</UniqueIdentifier>
    </Filter>
    <Filter Include="Source Files\Targets">
      <UniqueIdentifier>{4867c710-0a48-40ff-a5fd-3de93a6aecbe}</UniqueIdentifier>
    </Filter>
  </ItemGroup>
  <ItemGroup>
    <ClCompile Include="intrinsics.cpp">
      <Filter>Source Files</Filter>
    </ClCompile>
    <ClCompile Include="..\3rdparty\livescan3d\iMarker.cpp">
      <Filter>Source Files\LiveScan3D</Filter>
    </ClCompile>
    <ClCompile Include="..\3rdparty\livescan3d\marker.cpp">
      <Filter>Source Files\LiveScan3D</Filter>
    </ClCompile>
    <ClCompile Include="..\3rdparty\livescan3d\utils.cpp">
      <Filter>Source Files\LiveScan3D</Filter>
    </ClCompile>
    <ClCompile Include="CalibratorStandardOpenCV.cpp">
      <Filter>Source Files\Calibrators</Filter>
    </ClCompile>
    <ClCompile Include="Calibrator.cpp">
      <Filter>Source Files\Calibrators</Filter>
    </ClCompile>
    <ClCompile Include="CalibratorAruco.cpp">
      <Filter>Source Files\Calibrators</Filter>
    </ClCompile>
    <ClCompile Include="CalibratorLivescan3D.cpp">
      <Filter>Source Files\Calibrators</Filter>
    </ClCompile>
    <ClCompile Include="Target.cpp">
      <Filter>Source Files\Targets</Filter>
    </ClCompile>
    <ClCompile Include="TargetAruco.cpp">
      <Filter>Source Files\Targets</Filter>
    </ClCompile>
    <ClCompile Include="TargetLivescan3D.cpp">
      <Filter>Source Files\Targets</Filter>
    </ClCompile>
    <ClCompile Include="TargetStandardOpenCV.cpp">
      <Filter>Source Files\Targets</Filter>
    </ClCompile>
  </ItemGroup>
  <ItemGroup>
    <ClInclude Include="calibration.h">
      <Filter>Header Files</Filter>
    </ClInclude>
    <ClInclude Include="..\3rdparty\livescan3d\utils.h">
      <Filter>Header Files\LiveScan3D</Filter>
    </ClInclude>
    <ClInclude Include="..\3rdparty\livescan3d\marker.h">
      <Filter>Header Files\LiveScan3D</Filter>
    </ClInclude>
    <ClInclude Include="..\3rdparty\livescan3d\iMarker.h">
      <Filter>Header Files\LiveScan3D</Filter>
    </ClInclude>
    <ClInclude Include="Camera.h">
      <Filter>Header Files</Filter>
    </ClInclude>
    <ClInclude Include="Calibrator.h">
      <Filter>Header Files\Calibrators</Filter>
    </ClInclude>
    <ClInclude Include="CalibratorAruco.h">
      <Filter>Header Files\Calibrators</Filter>
    </ClInclude>
    <ClInclude Include="CalibratorLivescan3D.h">
      <Filter>Header Files\Calibrators</Filter>
    </ClInclude>
    <ClInclude Include="CalibratorStandardOpenCV.h">
      <Filter>Header Files\Calibrators</Filter>
    </ClInclude>
    <ClInclude Include="Target.h">
      <Filter>Header Files\Targets</Filter>
    </ClInclude>
    <ClInclude Include="TargetAruco.h">
      <Filter>Header Files\Targets</Filter>
    </ClInclude>
    <ClInclude Include="TargetLivescan3D.h">
      <Filter>Header Files\Targets</Filter>
    </ClInclude>
    <ClInclude Include="TargetStandardOpenCV.h">
      <Filter>Header Files\Targets</Filter>
    </ClInclude>
  </ItemGroup>
</Project>